{
  "lockfileVersion": 1,
  "configVersion": 1,
  "workspaces": {
    "": {
      "name": "zcapital-price-feed",
      "dependencies": {
        "bun": "^1.1.0",
        "socket.io": "^4.8.1",
      },
    },
  },
  "packages": {
    "@oven/bun-darwin-aarch64": ["@oven/bun-darwin-aarch64@1.3.14", "", { "os": "darwin", "cpu": "arm64" }, "sha512-Omj20SuiHBOUjUBIyqtkNjSUIjOtEOJwmbix/ZyFH4BaQ6OZTaaRWIR4TjHVz0yadHgli6lLTiAh1uarnvD49A=="],

    "@oven/bun-darwin-x64": ["@oven/bun-darwin-x64@1.3.14", "", { "os": "darwin", "cpu": "x64" }, "sha512-FFj3QdU/OhlDyZOJ8CWfN5eWLpRlT4qjZg7lMQi7jA6GuoY5ajlO1zWLP/MuHYRSbXQUvV52RejNi8DVnAp13w=="],

    "@oven/bun-darwin-x64-baseline": ["@oven/bun-darwin-x64-baseline@1.3.14", "", { "os": "darwin", "cpu": "x64" }, "sha512-OSfsTZstc898HHElhU4NccaBGOSSDn5VfahiVTnidZ9B/+wb7WTyfZJaBeJcfjwJ9H2W9uTh2TGtl3UfcXgV9g=="],

    "@oven/bun-freebsd-aarch64": ["@oven/bun-freebsd-aarch64@1.3.14", "", { "os": "freebsd", "cpu": "arm64" }, "sha512-LIKrXaFxAHybVO5Pf+9XP2FHUj/5APvXTUKk9dqHm5iFz4oH+W24cmhjkJirNujh9hKeTyrpWSe3no9JZKowIw=="],

    "@oven/bun-freebsd-x64": ["@oven/bun-freebsd-x64@1.3.14", "", { "os": "freebsd", "cpu": "x64" }, "sha512-uwD+fGUH1ADpIF3B1U2jWzzb20QwRLZfj5QZ28GUCGrAJ/nTmWrD6YYGsblCY1wuhldRez3lU40AyuvSCyLYmw=="],

    "@oven/bun-linux-aarch64": ["@oven/bun-linux-aarch64@1.3.14", "", { "os": "linux", "cpu": "arm64" }, "sha512-X5SsPZHs+iYO8R/efIcRtc7gT2Q2DgPfliCxEkx4cXBumwkw0c/EsHMNwH3EgGpCDaZ7IYVPhpCG/xBOQHEwZw=="],

    "@oven/bun-linux-aarch64-android": ["@oven/bun-linux-aarch64-android@1.3.14", "", { "os": "android", "cpu": "arm64" }, "sha512-y4kq5b85lsrmFb9Xvi4w9mA5IEFJkLMrSmYn06q24KjL9rUWDWO3VFZEtteZxUN5+ec3Zm5S8OnJw1umaCbVjA=="],

    "@oven/bun-linux-aarch64-musl": ["@oven/bun-linux-aarch64-musl@1.3.14", "", { "os": "linux", "cpu": "arm64" }, "sha512-jmqOA92Cd1NL/1XBd4bFkJLxQ86K0RW7ohxS2qzzAvuitO4JiIxjjTeCspoU44zCozH72HpfZfUE2On31OjnWA=="],

    "@oven/bun-linux-x64": ["@oven/bun-linux-x64@1.3.14", "", { "os": "linux", "cpu": "x64" }, "sha512-7OVTAKvwfPmSbIV1HpdOoVVx5VRc427GuPPne93N6vk4eQBPId9nXmZDh9/zGaKPdbVjVtQSZafWQoUjx38Utw=="],

    "@oven/bun-linux-x64-android": ["@oven/bun-linux-x64-android@1.3.14", "", { "os": "android", "cpu": "x64" }, "sha512-qe9e1d+3VAEU7nAA2ol9Jvmy/o99PVMSgZhHn7Q/9O3YcDrfEqyQ8zm4zoe5qTEo8HZH0dN03Le0Ys2eQPs7eg=="],

    "@oven/bun-linux-x64-baseline": ["@oven/bun-linux-x64-baseline@1.3.14", "", { "os": "linux", "cpu": "x64" }, "sha512-q/8EdOC0yUE8FPeoOVq8/Pw5I9/tJaYmUfO/uDUAREx8IUnOJH1RJ5A3BjFqre8pvJoiZA9AovPJq5FnNNjSxA=="],

    "@oven/bun-linux-x64-musl": ["@oven/bun-linux-x64-musl@1.3.14", "", { "os": "linux", "cpu": "x64" }, "sha512-GBCB/k/sIqcr06eTNgg7g46qiUv35Jasx4XiccJ/n7RGqrE4RWUD/XJBbWFprVPjvqd59+QtSnS99XGqvftHfg=="],

    "@oven/bun-linux-x64-musl-baseline": ["@oven/bun-linux-x64-musl-baseline@1.3.14", "", { "os": "linux", "cpu": "x64" }, "sha512-n6iE71G4lQE4XkrZhQQcL5YUlxDbnq6nqV7zeQi33PMsLT/0kYE+RvHOtBWZ3w0wMdXZfINmp63hIb9ijUBGtw=="],

    "@oven/bun-windows-aarch64": ["@oven/bun-windows-aarch64@1.3.14", "", { "os": "win32", "cpu": "arm64" }, "sha512-T7s3x/BsVKQObGU6QDkZeI6wKynzqGbBH1yI77jrrj5siElclxr3DQrDIk8CV4G5/SJq2HHq4kpLyYY2DKCSmA=="],

    "@oven/bun-windows-x64": ["@oven/bun-windows-x64@1.3.14", "", { "os": "win32", "cpu": "x64" }, "sha512-mUFWL3BoYkNpjd8e9PqROiFF/1Xeotq20mABJsiQH62jM1g5zqWh4khw1RZ6bX8Q8fWvlPaxG1PjofkmjUi3vg=="],

    "@oven/bun-windows-x64-baseline": ["@oven/bun-windows-x64-baseline@1.3.14", "", { "os": "win32", "cpu": "x64" }, "sha512-uIjLUC1S9DWgICzuoMba7vurBJnBruE4S5CxnvmZkdqWVXRzx1Rgu636HoH+k0qeaQCFh3jeG3JQ1y6fRHv0sw=="],

    "@socket.io/component-emitter": ["@socket.io/component-emitter@3.1.2", "", {}, "sha512-9BCxFwvbGg/RsZK9tjXd8s4UcwR0MWeFQ1XEKIQVVvAGJyINdrqKMcTRyLoK8Rse1GjzLV9cwjWV1olXRWEXVA=="],

    "@types/cors": ["@types/cors@2.8.19", "", { "dependencies": { "@types/node": "*" } }, "sha512-mFNylyeyqN93lfe/9CSxOGREz8cpzAhH+E93xJ4xWQf62V8sQ/24reV2nyzUWM6H6Xji+GGHpkbLe7pVoUEskg=="],

    "@types/node": ["@types/node@26.0.1", "", { "dependencies": { "undici-types": "~8.3.0" } }, "sha512-fc3KiUoBt6kie0N9bIW3E47vZsuaMf0PM2AaUpLCLT0s/LvX1nxAim6Fc049cNxODPpGm6qRAuUOB86SkRuPQw=="],

    "@types/ws": ["@types/ws@8.18.1", "", { "dependencies": { "@types/node": "*" } }, "sha512-ThVF6DCVhA8kUGy+aazFQ4kXQ7E1Ty7A3ypFOe0IcJV8O/M511G99AW24irKrW56Wt44yG9+ij8FaqoBGkuBXg=="],

    "accepts": ["accepts@1.3.8", "", { "dependencies": { "mime-types": "~2.1.34", "negotiator": "0.6.3" } }, "sha512-PYAthTa2m2VKxuvSD3DPC/Gy+U+sOA1LAuT8mkmRuvw+NACSaeXEQ+NHcVF7rONl6qcaxV3Uuemwawk+7+SJLw=="],

    "base64id": ["base64id@2.0.0", "", {}, "sha512-lGe34o6EHj9y3Kts9R4ZYs/Gr+6N7MCaMlIFA3F1R2O5/m7K06AxfSeO5530PEERE6/WyEg3lsuyw4GHlPZHog=="],

    "bun": ["bun@1.3.14", "", { "optionalDependencies": { "@oven/bun-darwin-aarch64": "1.3.14", "@oven/bun-darwin-x64": "1.3.14", "@oven/bun-darwin-x64-baseline": "1.3.14", "@oven/bun-freebsd-aarch64": "1.3.14", "@oven/bun-freebsd-x64": "1.3.14", "@oven/bun-linux-aarch64": "1.3.14", "@oven/bun-linux-aarch64-android": "1.3.14", "@oven/bun-linux-aarch64-musl": "1.3.14", "@oven/bun-linux-x64": "1.3.14", "@oven/bun-linux-x64-android": "1.3.14", "@oven/bun-linux-x64-baseline": "1.3.14", "@oven/bun-linux-x64-musl": "1.3.14", "@oven/bun-linux-x64-musl-baseline": "1.3.14", "@oven/bun-windows-aarch64": "1.3.14", "@oven/bun-windows-x64": "1.3.14", "@oven/bun-windows-x64-baseline": "1.3.14" }, "os": [ "!aix", "!sunos", "!openbsd", ], "cpu": [ "x64", "arm64", ], "bin": { "bun": "bin/bun.exe", "bunx": "bin/bunx.exe" } }, "sha512-aB6GVd42x1Y5ie1K16SF+oLGtgSkwX9hgoDdIW88pjvfTccU8F1vfpoOt34QLv0dZ1v3XimtaxPlZUG81Gx9Zg=="],

    "cookie": ["cookie@0.7.2", "", {}, "sha512-yki5XnKuf750l50uGTllt6kKILY4nQ1eNIQatoXEByZ5dWgnKqbnqmTrBE5B4N7lrMJKQ2ytWMiTO2o0v6Ew/w=="],

    "cors": ["cors@2.8.6", "", { "dependencies": { "object-assign": "^4", "vary": "^1" } }, "sha512-tJtZBBHA6vjIAaF6EnIaq6laBBP9aq/Y3ouVJjEfoHbRBcHBAHYcMh/w8LDrk2PvIMMq8gmopa5D4V8RmbrxGw=="],

    "debug": ["debug@4.4.3", "", { "dependencies": { "ms": "^2.1.3" }, "peerDependencies": { "supports-color": "*" }, "optionalPeers": ["supports-color"] }, "sha512-RGwwWnwQvkVfavKVt22FGLw+xYSdzARwm0ru6DhTVA3umU5hZc28V3kO4stgYryrTlLpuvgI9GiijltAjNbcqA=="],

    "engine.io": ["engine.io@6.6.9", "", { "dependencies": { "@types/cors": "^2.8.12", "@types/node": ">=10.0.0", "@types/ws": "^8.5.12", "accepts": "~1.3.4", "base64id": "2.0.0", "cookie": "~0.7.2", "cors": "~2.8.5", "debug": "~4.4.1", "engine.io-parser": "~5.2.1", "ws": "~8.21.0" } }, "sha512-clKkw4C7nJ22mGgoVcCg6V/W/TxdNyIOTr89k2ONZu81qqkddPFDF0LXcbAwhzPD8DjkiRCjzuiO6Y+fkpD4vg=="],

    "engine.io-parser": ["engine.io-parser@5.2.3", "", {}, "sha512-HqD3yTBfnBxIrbnM1DoD6Pcq8NECnh8d4As1Qgh0z5Gg3jRRIqijury0CL3ghu/edArpUYiYqQiDUQBIs4np3Q=="],

    "mime-db": ["mime-db@1.52.0", "", {}, "sha512-sPU4uV7dYlvtWJxwwxHD0PuihVNiE7TyAbQ5SWxDCB9mUYvOgroQOwYQQOKPJ8CIbE+1ETVlOoK1UC2nU3gYvg=="],

    "mime-types": ["mime-types@2.1.35", "", { "dependencies": { "mime-db": "1.52.0" } }, "sha512-ZDY+bPm5zTTF+YpCrAU9nK0UgICYPT0QtT1NZWFv4s++TNkcgVaT0g6+4R2uI4MjQjzysHB1zxuWL50hzaeXiw=="],

    "ms": ["ms@2.1.3", "", {}, "sha512-6FlzubTLZG3J2a/NVCAleEhjzq5oxgHyaCU9yYXvcLsvoVaHJq/s5xXI6/XXP6tz7R9xAOtHnSO/tXtF3WRTlA=="],

    "negotiator": ["negotiator@0.6.3", "", {}, "sha512-+EUsqGPLsM+j/zdChZjsnX51g4XrHFOIXwfnCVPGlQk/k5giakcKsuxCObBRu6DSm9opw/O6slWbJdghQM4bBg=="],

    "object-assign": ["object-assign@4.1.1", "", {}, "sha512-rJgTQnkUnH1sFw8yT6VSU3zD3sWmu6sZhIseY8VX+GRu3P6F7Fu+JNDoXfklElbLJSnc3FUQHVe4cU5hj+BcUg=="],

    "socket.io": ["socket.io@4.8.3", "", { "dependencies": { "accepts": "~1.3.4", "base64id": "~2.0.0", "cors": "~2.8.5", "debug": "~4.4.1", "engine.io": "~6.6.0", "socket.io-adapter": "~2.5.2", "socket.io-parser": "~4.2.4" } }, "sha512-2Dd78bqzzjE6KPkD5fHZmDAKRNe3J15q+YHDrIsy9WEkqttc7GY+kT9OBLSMaPbQaEd0x1BjcmtMtXkfpc+T5A=="],

    "socket.io-adapter": ["socket.io-adapter@2.5.8", "", { "dependencies": { "debug": "~4.4.1", "ws": "~8.21.0" } }, "sha512-6Oy52pbg+kvdCVvjcN+FnY7BvxZ7cIHNScbvztT/It5d0vbwoJoVZmF2gjJmnV0/4WlXRfG15zc45ySk9Ah8bw=="],

    "socket.io-parser": ["socket.io-parser@4.2.6", "", { "dependencies": { "@socket.io/component-emitter": "~3.1.0", "debug": "~4.4.1" } }, "sha512-asJqbVBDsBCJx0pTqw3WfesSY0iRX+2xzWEWzrpcH7L6fLzrhyF8WPI8UaeM4YCuDfpwA/cgsdugMsmtz8EJeg=="],

    "undici-types": ["undici-types@8.3.0", "", {}, "sha512-j375ScV60dom+YkPFIfTLcOiPxkN/buHz5GobjLhixFuANaNs3C9l4GmrWqejgXWJ7BbJcFYpTEUkS1Ge8bpZQ=="],

    "vary": ["vary@1.1.2", "", {}, "sha512-BNGbWLfd0eUPabhkXUVm0j8uuvREyTh5ovRa/dyow/BqAbZJyC+5fU+IzQOzmAKzYqYRAISoRhdQr3eIZ/PXqg=="],

    "ws": ["ws@8.21.0", "", { "peerDependencies": { "bufferutil": "^4.0.1", "utf-8-validate": ">=5.0.2" }, "optionalPeers": ["bufferutil", "utf-8-validate"] }, "sha512-Vsp28b7DRcimFQvrqu2Wek3z1iYxDCWqHYB8Qsnk/S4RfaCQzPGPyBNuVjJV3cd6UiKtUtp6sNM77gWvzcCH+g=="],
  }
}
